
Microsoft Visual Studio Solution File, Format Version 11.00
# Visual Studio 2010
Project("{FAE04EC0-301F-11D3-BF4B-00C04F79EFBC}") = "LynxServer", "LynxServer\LynxServer.csproj", "{F8723771-BA4D-4340-AD5B-6F35C37409EB}"
EndProject
Project("{2150E333-8FDC-42A3-9474-1A3956D46DE8}") = "Solution Items", "Solution Items", "{3384A85A-9C6B-4170-A3C0-877DA00DDFB6}"
EndProject
Global
	GlobalSection(SolutionConfigurationPlatforms) = preSolution
		Debug|x86 = Debug|x86
		Release|x86 = Release|x86
	EndGlobalSection
	GlobalSection(ProjectConfigurationPlatforms) = postSolution
		{F8723771-BA4D-4340-AD5B-6F35C37409EB}.Debug|x86.ActiveCfg = Debug|x86
		{F8723771-BA4D-4340-AD5B-6F35C37409EB}.Debug|x86.Build.0 = Debug|x86
		{F8723771-BA4D-4340-AD5B-6F35C37409EB}.Release|x86.ActiveCfg = Release|x86
		{F8723771-BA4D-4340-AD5B-6F35C37409EB}.Release|x86.Build.0 = Release|x86
	EndGlobalSection
	GlobalSection(SolutionProperties) = preSolution
		HideSolutionNode = FALSE
	EndGlobalSection
EndGlobal
