
Microsoft Visual Studio Solution File, Format Version 11.00
# Visual Studio 2010
Project("{FAE04EC0-301F-11D3-BF4B-00C04F79EFBC}") = "Web_LynxClient", "Web_LynxClient\Web_LynxClient.csproj", "{B6FDD40D-44FD-46EE-A9CF-AAAA644F4FFC}"
EndProject
Global
	GlobalSection(SolutionConfigurationPlatforms) = preSolution
		Debug|Any CPU = Debug|Any CPU
		Release|Any CPU = Release|Any CPU
	EndGlobalSection
	GlobalSection(ProjectConfigurationPlatforms) = postSolution
		{B6FDD40D-44FD-46EE-A9CF-AAAA644F4FFC}.Debug|Any CPU.ActiveCfg = Debug|Any CPU
		{B6FDD40D-44FD-46EE-A9CF-AAAA644F4FFC}.Debug|Any CPU.Build.0 = Debug|Any CPU
		{B6FDD40D-44FD-46EE-A9CF-AAAA644F4FFC}.Release|Any CPU.ActiveCfg = Release|Any CPU
		{B6FDD40D-44FD-46EE-A9CF-AAAA644F4FFC}.Release|Any CPU.Build.0 = Release|Any CPU
	EndGlobalSection
	GlobalSection(SolutionProperties) = preSolution
		HideSolutionNode = FALSE
	EndGlobalSection
EndGlobal
